# This file is automatically @generated by Cargo.
# It is not intended for manual editing.
version = 3

[[package]]
name = "anyhow"
version = "1.0.40"
source = "registry+https://github.com/rust-lang/crates.io-index"
checksum = "28b2cd92db5cbd74e8e5028f7e27dd7aa3090e89e4f2a197cc7c8dfb69c7063b"

[[package]]
name = "bitflags"
version = "1.2.1"
source = "registry+https://github.com/rust-lang/crates.io-index"
checksum = "cf1de2fe8c75bc145a2f577add951f8134889b4795d47466a54a5c846d691693"

[[package]]
name = "cfg-if"
version = "1.0.0"
source = "registry+https://github.com/rust-lang/crates.io-index"
checksum = "baf1de4339761588bc0619e3cbc0120ee582ebb74b53b4efbf79117bd2da40fd"

[[package]]
name = "cranelift"
version = "0.74.0"
source = "registry+https://github.com/rust-lang/crates.io-index"
checksum = "f1f452e0438cbb4c86e995c987add698c89e9a0ff55d5c8a7f1caf387cdf41ec"
dependencies = [
 "cranelift-codegen",
 "cranelift-frontend",
]

[[package]]
name = "cranelift-bforest"
version = "0.74.0"
source = "registry+https://github.com/rust-lang/crates.io-index"
checksum = "c8ca3560686e7c9c7ed7e0fe77469f2410ba5d7781b1acaa9adc8d8deea28e3e"
dependencies = [
 "cranelift-entity",
]

[[package]]
name = "cranelift-codegen"
version = "0.74.0"
source = "registry+https://github.com/rust-lang/crates.io-index"
checksum = "baf9bf1ffffb6ce3d2e5ebc83549bd2436426c99b31cc550d521364cbe35d276"
dependencies = [
 "cranelift-bforest",
 "cranelift-codegen-meta",
 "cranelift-codegen-shared",
 "cranelift-entity",
 "log",
 "regalloc",
 "smallvec",
 "target-lexicon",
]

[[package]]
name = "cranelift-codegen-meta"
version = "0.74.0"
source = "registry+https://github.com/rust-lang/crates.io-index"
checksum = "4cc21936a5a6d07e23849ffe83e5c1f6f50305c074f4b2970ca50c13bf55b821"
dependencies = [
 "cranelift-codegen-shared",
 "cranelift-entity",
]

[[package]]
name = "cranelift-codegen-shared"
version = "0.74.0"
source = "registry+https://github.com/rust-lang/crates.io-index"
checksum = "ca5b6ffaa87560bebe69a5446449da18090b126037920b0c1c6d5945f72faf6b"

[[package]]
name = "cranelift-entity"
version = "0.74.0"
source = "registry+https://github.com/rust-lang/crates.io-index"
checksum = "7d6b4a8bef04f82e4296782646f733c641d09497df2fabf791323fefaa44c64c"

[[package]]
name = "cranelift-frontend"
version = "0.74.0"
source = "registry+https://github.com/rust-lang/crates.io-index"
checksum = "c31b783b351f966fce33e3c03498cb116d16d97a8f9978164a60920bd0d3a99c"
dependencies = [
 "cranelift-codegen",
 "log",
 "smallvec",
 "target-lexicon",
]

[[package]]
name = "cranelift-jit"
version = "0.74.0"
source = "registry+https://github.com/rust-lang/crates.io-index"
checksum = "866e9d7fcd4533fe0d863e2ee5f47f16584349988a10e097315dbe39e5a050b5"
dependencies = [
 "anyhow",
 "cranelift-codegen",
 "cranelift-entity",
 "cranelift-module",
 "cranelift-native",
 "libc",
 "log",
 "region",
 "target-lexicon",
 "winapi",
]

[[package]]
name = "cranelift-module"
version = "0.74.0"
source = "registry+https://github.com/rust-lang/crates.io-index"
checksum = "c1802cb541d4b894ac7a356296603dc483066d7f861b849b320c613c264053fc"
dependencies = [
 "anyhow",
 "cranelift-codegen",
 "cranelift-entity",
 "log",
]

[[package]]
name = "cranelift-native"
version = "0.74.0"
source = "registry+https://github.com/rust-lang/crates.io-index"
checksum = "a77c88d3dd48021ff1e37e978a00098524abd3513444ae252c08d37b310b3d2a"
dependencies = [
 "cranelift-codegen",
 "target-lexicon",
]

[[package]]
name = "libc"
version = "0.2.95"
source = "registry+https://github.com/rust-lang/crates.io-index"
checksum = "789da6d93f1b866ffe175afc5322a4d76c038605a1c3319bb57b06967ca98a36"

[[package]]
name = "log"
version = "0.4.14"
source = "registry+https://github.com/rust-lang/crates.io-index"
checksum = "51b9bbe6c47d51fc3e1a9b945965946b4c44142ab8792c50835a980d362c2710"
dependencies = [
 "cfg-if",
]

[[package]]
name = "mach"
version = "0.3.2"
source = "registry+https://github.com/rust-lang/crates.io-index"
checksum = "b823e83b2affd8f40a9ee8c29dbc56404c1e34cd2710921f2801e2cf29527afa"
dependencies = [
 "libc",
]

[[package]]
name = "mopa"
version = "0.2.2"
source = "registry+https://github.com/rust-lang/crates.io-index"
checksum = "a785740271256c230f57462d3b83e52f998433a7062fc18f96d5999474a9f915"

[[package]]
name = "regalloc"
version = "0.0.31"
source = "registry+https://github.com/rust-lang/crates.io-index"
checksum = "571f7f397d61c4755285cd37853fe8e03271c243424a907415909379659381c5"
dependencies = [
 "log",
 "rustc-hash",
 "smallvec",
]

[[package]]
name = "region"
version = "2.2.0"
source = "registry+https://github.com/rust-lang/crates.io-index"
checksum = "877e54ea2adcd70d80e9179344c97f93ef0dffd6b03e1f4529e6e83ab2fa9ae0"
dependencies = [
 "bitflags",
 "libc",
 "mach",
 "winapi",
]

[[package]]
name = "rustc-hash"
version = "1.1.0"
source = "registry+https://github.com/rust-lang/crates.io-index"
checksum = "08d43f7aa6b08d49f382cde6a7982047c3426db949b1424bc4b7ec9ae12c6ce2"

[[package]]
name = "sierra"
version = "0.1.0"
dependencies = [
 "cranelift",
 "cranelift-jit",
 "cranelift-module",
 "mopa",
 "tagged-box",
]

[[package]]
name = "smallvec"
version = "1.6.1"
source = "registry+https://github.com/rust-lang/crates.io-index"
checksum = "fe0f37c9e8f3c5a4a66ad655a93c74daac4ad00c441533bf5c6e7990bb42604e"

[[package]]
name = "tagged-box"
version = "0.1.1"
source = "registry+https://github.com/rust-lang/crates.io-index"
checksum = "fe9c4b739b6e4d586dfdfd65bb23ec6899758862769169018fc522c9d65d8dc0"

[[package]]
name = "target-lexicon"
version = "0.12.0"
source = "registry+https://github.com/rust-lang/crates.io-index"
checksum = "64ae3b39281e4b14b8123bdbaddd472b7dfe215e444181f2f9d2443c2444f834"

[[package]]
name = "winapi"
version = "0.3.9"
source = "registry+https://github.com/rust-lang/crates.io-index"
checksum = "5c839a674fcd7a98952e593242ea400abe93992746761e38641405d28b00f419"
dependencies = [
 "winapi-i686-pc-windows-gnu",
 "winapi-x86_64-pc-windows-gnu",
]

[[package]]
name = "winapi-i686-pc-windows-gnu"
version = "0.4.0"
source = "registry+https://github.com/rust-lang/crates.io-index"
checksum = "ac3b87c63620426dd9b991e5ce0329eff545bccbbb34f3be09ff6fb6ab51b7b6"

[[package]]
name = "winapi-x86_64-pc-windows-gnu"
version = "0.4.0"
source = "registry+https://github.com/rust-lang/crates.io-index"
checksum = "712e227841d057c1ee1cd2fb22fa7e5a5461ae8e48fa2ca79ec42cfc1931183f"
