# This file is automatically @generated by Cargo.
# It is not intended for manual editing.
version = 3

[[package]]
name = "anyhow"
version = "1.0.40"
source = "registry+https://github.com/rust-lang/crates.io-index"
checksum = "28b2cd92db5cbd74e8e5028f7e27dd7aa3090e89e4f2a197cc7c8dfb69c7063b"

[[package]]
name = "bitflags"
version = "1.2.1"
source = "registry+https://github.com/rust-lang/crates.io-index"
checksum = "cf1de2fe8c75bc145a2f577add951f8134889b4795d47466a54a5c846d691693"

[[package]]
name = "cc"
version = "1.0.68"
source = "registry+https://github.com/rust-lang/crates.io-index"
checksum = "4a72c244c1ff497a746a7e1fb3d14bd08420ecda70c8f25c7112f2781652d787"

[[package]]
name = "cfg-if"
version = "1.0.0"
source = "registry+https://github.com/rust-lang/crates.io-index"
checksum = "baf1de4339761588bc0619e3cbc0120ee582ebb74b53b4efbf79117bd2da40fd"

[[package]]
name = "cranelift"
version = "0.75.0"
source = "registry+https://github.com/rust-lang/crates.io-index"
checksum = "c742f06b48b7b725314a9603712bf2d4157b980a43254898c2a511626f2d54c9"
dependencies = [
 "cranelift-codegen",
 "cranelift-frontend",
]

[[package]]
name = "cranelift-bforest"
version = "0.75.0"
source = "registry+https://github.com/rust-lang/crates.io-index"
checksum = "df3f8dd4f920a422c96c53fb6a91cc7932b865fdb60066ae9df7c329342d303f"
dependencies = [
 "cranelift-entity",
]

[[package]]
name = "cranelift-codegen"
version = "0.75.0"
source = "registry+https://github.com/rust-lang/crates.io-index"
checksum = "ebe85f9a8dbf3c9dfa47ecb89828a7dc17c0b62015b84b5505fd4beba61c542c"
dependencies = [
 "cranelift-bforest",
 "cranelift-codegen-meta",
 "cranelift-codegen-shared",
 "cranelift-entity",
 "log",
 "regalloc",
 "smallvec",
 "target-lexicon",
]

[[package]]
name = "cranelift-codegen-meta"
version = "0.75.0"
source = "registry+https://github.com/rust-lang/crates.io-index"
checksum = "12bc4be68da214a56bf9beea4212eb3b9eac16ca9f0b47762f907c4cd4684073"
dependencies = [
 "cranelift-codegen-shared",
 "cranelift-entity",
]

[[package]]
name = "cranelift-codegen-shared"
version = "0.75.0"
source = "registry+https://github.com/rust-lang/crates.io-index"
checksum = "a0c87b69923825cfbc3efde17d929a68cd5b50a4016b2bd0eb8c3933cc5bd8cd"

[[package]]
name = "cranelift-entity"
version = "0.75.0"
source = "registry+https://github.com/rust-lang/crates.io-index"
checksum = "fe683e7ec6e627facf44b2eab4b263507be4e7ef7ea06eb8cee5283d9b45370e"

[[package]]
name = "cranelift-frontend"
version = "0.75.0"
source = "registry+https://github.com/rust-lang/crates.io-index"
checksum = "5da80025ca214f0118273f8b94c4790add3b776f0dc97afba6b711757497743b"
dependencies = [
 "cranelift-codegen",
 "log",
 "smallvec",
 "target-lexicon",
]

[[package]]
name = "cranelift-jit"
version = "0.75.0"
source = "registry+https://github.com/rust-lang/crates.io-index"
checksum = "a25d446ae6c2702be52319d582c0c1970454bf2bb18af773edb2ba9c6310e02f"
dependencies = [
 "anyhow",
 "cranelift-codegen",
 "cranelift-entity",
 "cranelift-module",
 "cranelift-native",
 "libc",
 "log",
 "region",
 "target-lexicon",
 "winapi",
]

[[package]]
name = "cranelift-module"
version = "0.75.0"
source = "registry+https://github.com/rust-lang/crates.io-index"
checksum = "0d69b61b0eef8776d148a88523b9f0805d786a1b5d9dba0adcd52dbc033680ff"
dependencies = [
 "anyhow",
 "cranelift-codegen",
 "cranelift-entity",
 "log",
]

[[package]]
name = "cranelift-native"
version = "0.75.0"
source = "registry+https://github.com/rust-lang/crates.io-index"
checksum = "e1c0e8c56f9a63f352a64aaa9c9eef7c205008b03593af7b128a3fbc46eae7e9"
dependencies = [
 "cranelift-codegen",
 "target-lexicon",
]

[[package]]
name = "cty"
version = "0.2.1"
source = "registry+https://github.com/rust-lang/crates.io-index"
checksum = "7313c0d620d0cb4dbd9d019e461a4beb501071ff46ec0ab933efb4daa76d73e3"

[[package]]
name = "libc"
version = "0.2.95"
source = "registry+https://github.com/rust-lang/crates.io-index"
checksum = "789da6d93f1b866ffe175afc5322a4d76c038605a1c3319bb57b06967ca98a36"

[[package]]
name = "libmimalloc-sys"
version = "0.1.21"
source = "registry+https://github.com/rust-lang/crates.io-index"
checksum = "2396cf99d2f58611cd69f0efeee4af3d2e2c7b61bed433515029163aa567e65c"
dependencies = [
 "cc",
 "cty",
]

[[package]]
name = "log"
version = "0.4.14"
source = "registry+https://github.com/rust-lang/crates.io-index"
checksum = "51b9bbe6c47d51fc3e1a9b945965946b4c44142ab8792c50835a980d362c2710"
dependencies = [
 "cfg-if",
]

[[package]]
name = "mach"
version = "0.3.2"
source = "registry+https://github.com/rust-lang/crates.io-index"
checksum = "b823e83b2affd8f40a9ee8c29dbc56404c1e34cd2710921f2801e2cf29527afa"
dependencies = [
 "libc",
]

[[package]]
name = "mopa"
version = "0.2.2"
source = "registry+https://github.com/rust-lang/crates.io-index"
checksum = "a785740271256c230f57462d3b83e52f998433a7062fc18f96d5999474a9f915"

[[package]]
name = "regalloc"
version = "0.0.31"
source = "registry+https://github.com/rust-lang/crates.io-index"
checksum = "571f7f397d61c4755285cd37853fe8e03271c243424a907415909379659381c5"
dependencies = [
 "log",
 "rustc-hash",
 "smallvec",
]

[[package]]
name = "region"
version = "2.2.0"
source = "registry+https://github.com/rust-lang/crates.io-index"
checksum = "877e54ea2adcd70d80e9179344c97f93ef0dffd6b03e1f4529e6e83ab2fa9ae0"
dependencies = [
 "bitflags",
 "libc",
 "mach",
 "winapi",
]

[[package]]
name = "rustc-hash"
version = "1.1.0"
source = "registry+https://github.com/rust-lang/crates.io-index"
checksum = "08d43f7aa6b08d49f382cde6a7982047c3426db949b1424bc4b7ec9ae12c6ce2"

[[package]]
name = "sierra"
version = "0.1.0"
dependencies = [
 "cranelift",
 "cranelift-jit",
 "cranelift-module",
 "libc",
 "libmimalloc-sys",
 "mopa",
 "tagged-box",
]

[[package]]
name = "smallvec"
version = "1.6.1"
source = "registry+https://github.com/rust-lang/crates.io-index"
checksum = "fe0f37c9e8f3c5a4a66ad655a93c74daac4ad00c441533bf5c6e7990bb42604e"

[[package]]
name = "tagged-box"
version = "0.1.1"
source = "registry+https://github.com/rust-lang/crates.io-index"
checksum = "fe9c4b739b6e4d586dfdfd65bb23ec6899758862769169018fc522c9d65d8dc0"

[[package]]
name = "target-lexicon"
version = "0.12.0"
source = "registry+https://github.com/rust-lang/crates.io-index"
checksum = "64ae3b39281e4b14b8123bdbaddd472b7dfe215e444181f2f9d2443c2444f834"

[[package]]
name = "winapi"
version = "0.3.9"
source = "registry+https://github.com/rust-lang/crates.io-index"
checksum = "5c839a674fcd7a98952e593242ea400abe93992746761e38641405d28b00f419"
dependencies = [
 "winapi-i686-pc-windows-gnu",
 "winapi-x86_64-pc-windows-gnu",
]

[[package]]
name = "winapi-i686-pc-windows-gnu"
version = "0.4.0"
source = "registry+https://github.com/rust-lang/crates.io-index"
checksum = "ac3b87c63620426dd9b991e5ce0329eff545bccbbb34f3be09ff6fb6ab51b7b6"

[[package]]
name = "winapi-x86_64-pc-windows-gnu"
version = "0.4.0"
source = "registry+https://github.com/rust-lang/crates.io-index"
checksum = "712e227841d057c1ee1cd2fb22fa7e5a5461ae8e48fa2ca79ec42cfc1931183f"
